
Microsoft Visual Studio Solution File, Format Version 12.00
# Visual Studio Version 17
VisualStudioVersion = 17.3.32901.215
MinimumVisualStudioVersion = 10.0.40219.1
Project("{8BC9CEB8-8B4A-11D0-8D11-00A0C91BC942}") = "LightwaveExplorerGTK", "LightwaveExplorerGTK\LightwaveExplorerGTK.vcxproj", "{7CAD0699-F993-4EEE-A752-E21A6F3C9A8C}"
EndProject
Project("{8BC9CEB8-8B4A-11D0-8D11-00A0C91BC942}") = "LWElauncher", "BuildResources\LWElauncher\LWElauncher.vcxproj", "{BB99C918-65B7-41A8-9B66-DE67DC4CB26A}"
EndProject
Project("{8BC9CEB8-8B4A-11D0-8D11-00A0C91BC942}") = "LightwaveExplorerSYCL", "LightwaveExplorerDevices\LightwaveExplorerSYCL.vcxproj", "{FAB0594B-13F1-44A3-8BFB-BAFAD7FD4F69}"
EndProject
Global
	GlobalSection(SolutionConfigurationPlatforms) = preSolution
		Debug|x64 = Debug|x64
		Debug|x86 = Debug|x86
		Release|x64 = Release|x64
		Release|x86 = Release|x86
	EndGlobalSection
	GlobalSection(ProjectConfigurationPlatforms) = postSolution
		{7CAD0699-F993-4EEE-A752-E21A6F3C9A8C}.Debug|x64.ActiveCfg = Debug|x64
		{7CAD0699-F993-4EEE-A752-E21A6F3C9A8C}.Debug|x64.Build.0 = Debug|x64
		{7CAD0699-F993-4EEE-A752-E21A6F3C9A8C}.Debug|x86.ActiveCfg = Debug|x64
		{7CAD0699-F993-4EEE-A752-E21A6F3C9A8C}.Debug|x86.Build.0 = Debug|x64
		{7CAD0699-F993-4EEE-A752-E21A6F3C9A8C}.Release|x64.ActiveCfg = Release|x64
		{7CAD0699-F993-4EEE-A752-E21A6F3C9A8C}.Release|x64.Build.0 = Release|x64
		{7CAD0699-F993-4EEE-A752-E21A6F3C9A8C}.Release|x86.ActiveCfg = Release|x64
		{7CAD0699-F993-4EEE-A752-E21A6F3C9A8C}.Release|x86.Build.0 = Release|x64
		{BB99C918-65B7-41A8-9B66-DE67DC4CB26A}.Debug|x64.ActiveCfg = Debug|x64
		{BB99C918-65B7-41A8-9B66-DE67DC4CB26A}.Debug|x64.Build.0 = Debug|x64
		{BB99C918-65B7-41A8-9B66-DE67DC4CB26A}.Debug|x86.ActiveCfg = Debug|Win32
		{BB99C918-65B7-41A8-9B66-DE67DC4CB26A}.Debug|x86.Build.0 = Debug|Win32
		{BB99C918-65B7-41A8-9B66-DE67DC4CB26A}.Release|x64.ActiveCfg = Release|x64
		{BB99C918-65B7-41A8-9B66-DE67DC4CB26A}.Release|x64.Build.0 = Release|x64
		{BB99C918-65B7-41A8-9B66-DE67DC4CB26A}.Release|x86.ActiveCfg = Release|Win32
		{BB99C918-65B7-41A8-9B66-DE67DC4CB26A}.Release|x86.Build.0 = Release|Win32
		{FAB0594B-13F1-44A3-8BFB-BAFAD7FD4F69}.Debug|x64.ActiveCfg = Debug|x64
		{FAB0594B-13F1-44A3-8BFB-BAFAD7FD4F69}.Debug|x64.Build.0 = Debug|x64
		{FAB0594B-13F1-44A3-8BFB-BAFAD7FD4F69}.Debug|x86.ActiveCfg = Debug|Win32
		{FAB0594B-13F1-44A3-8BFB-BAFAD7FD4F69}.Debug|x86.Build.0 = Debug|Win32
		{FAB0594B-13F1-44A3-8BFB-BAFAD7FD4F69}.Release|x64.ActiveCfg = Release|x64
		{FAB0594B-13F1-44A3-8BFB-BAFAD7FD4F69}.Release|x64.Build.0 = Release|x64
		{FAB0594B-13F1-44A3-8BFB-BAFAD7FD4F69}.Release|x86.ActiveCfg = Release|Win32
		{FAB0594B-13F1-44A3-8BFB-BAFAD7FD4F69}.Release|x86.Build.0 = Release|Win32
	EndGlobalSection
	GlobalSection(SolutionProperties) = preSolution
		HideSolutionNode = FALSE
	EndGlobalSection
	GlobalSection(ExtensibilityGlobals) = postSolution
		SolutionGuid = {C999F180-5D9B-45CA-935C-71908ED0AB9E}
	EndGlobalSection
EndGlobal
